
Microsoft Visual Studio Solution File, Format Version 12.00
# Visual Studio Version 17
VisualStudioVersion = 17.0.32014.148
MinimumVisualStudioVersion = 10.0.40219.1
Project("{9A19103F-16F7-4668-BE54-9A1E7A4F7556}") = "SequencerDemo.Windows", "Demo\SequencerDemo\WindowsForms\SequencerDemo.Windows.csproj", "{90480CE5-E392-4713-AB5C-7D659ACA0B85}"
EndProject
Project("{9A19103F-16F7-4668-BE54-9A1E7A4F7556}") = "MidiWatcher.Windows", "Demo\MidiWatcher\WindowsForms\MidiWatcher.Windows.csproj", "{752C27BA-E092-455F-9B3F-1221E13FAE40}"
EndProject
Project("{9A19103F-16F7-4668-BE54-9A1E7A4F7556}") = "Sanford.Multimedia.Midi.Core", "Source\Sanford.Multimedia.Midi.Core.csproj", "{4269C72A-8D3A-4737-8F89-72EAA33EA9E1}"
EndProject
Project("{9A19103F-16F7-4668-BE54-9A1E7A4F7556}") = "Sanford.Multimedia.Midi.UI.Windows", "UI\WindowsForms\Sanford.Multimedia.Midi.UI.Windows.csproj", "{F908E146-FD17-4853-B6C3-6AEAC148B420}"
	ProjectSection(ProjectDependencies) = postProject
		{4269C72A-8D3A-4737-8F89-72EAA33EA9E1} = {4269C72A-8D3A-4737-8F89-72EAA33EA9E1}
	EndProjectSection
EndProject
Project("{2150E333-8FDC-42A3-9474-1A3956D46DE8}") = "UI", "UI", "{3B5DD8BE-1C3E-4FFB-A396-95313BB757E1}"
EndProject
Project("{2150E333-8FDC-42A3-9474-1A3956D46DE8}") = "MidiWatcher", "MidiWatcher", "{F50CF48F-74CB-42A2-9DA3-7DCEDDA6FA5C}"
EndProject
Project("{2150E333-8FDC-42A3-9474-1A3956D46DE8}") = "SequencerDemo", "SequencerDemo", "{B7AE69A7-CEC2-4082-A737-BF49452C5070}"
EndProject
Project("{9A19103F-16F7-4668-BE54-9A1E7A4F7556}") = "Sanford.Multimedia.Midi.UI.Gtk", "UI\Gtk\Sanford.Multimedia.Midi.UI.Gtk.csproj", "{6BAE9489-AE66-49BA-8724-9898E8ACF824}"
EndProject
Project("{2150E333-8FDC-42A3-9474-1A3956D46DE8}") = "Demo", "Demo", "{4E0B6F24-FDCC-4C90-8587-6AB8E8C74689}"
EndProject
Project("{9A19103F-16F7-4668-BE54-9A1E7A4F7556}") = "MidiWatcher.Gtk", "Demo\MidiWatcher\Gtk\MidiWatcher.Gtk.csproj", "{60FE0956-A812-4A77-B939-DFB17D1A045D}"
EndProject
Project("{9A19103F-16F7-4668-BE54-9A1E7A4F7556}") = "SequencerDemo.Gtk", "Demo\SequencerDemo\Gtk\SequencerDemo.Gtk.csproj", "{AD5DE7EE-7D29-4E22-B3F8-E50E49FA9E60}"
EndProject
Project("{2150E333-8FDC-42A3-9474-1A3956D46DE8}") = "Experiments", "Experiments", "{C9EEE978-D835-4B7B-BDDE-36586EEBEECF}"
EndProject
Project("{2150E333-8FDC-42A3-9474-1A3956D46DE8}") = "WindowsForms", "WindowsForms", "{0E255B7D-C3EA-4160-AE1C-9542E0E1B535}"
EndProject
Project("{2150E333-8FDC-42A3-9474-1A3956D46DE8}") = "GTK", "GTK", "{7A14B1CA-2790-47AD-9AE7-719AEDD923D7}"
EndProject
Project("{2150E333-8FDC-42A3-9474-1A3956D46DE8}") = "WPF", "WPF", "{B87F245C-8BE4-461C-A3C4-1C03405C2D07}"
EndProject
Project("{9A19103F-16F7-4668-BE54-9A1E7A4F7556}") = "GTKTest", "Experiments\GTK\GTKTest\GTKTest.csproj", "{BD426599-9DB3-47A0-B017-430803FDB4E2}"
EndProject
Project("{9A19103F-16F7-4668-BE54-9A1E7A4F7556}") = "SkiaSharp.AnalogClock", "Experiments\WindowsForms\SkiaSharp.AnalogClock\SkiaSharp.AnalogClock.csproj", "{3DF698C0-570D-434F-A423-84AF74A8CB18}"
EndProject
Project("{9A19103F-16F7-4668-BE54-9A1E7A4F7556}") = "SkiaSharp.PianoKeys.Test.WindowsForms", "Experiments\WindowsForms\SkiaSharp.PianoKeys.Test\SkiaSharp.PianoKeys.Test.WindowsForms.csproj", "{CC1B3440-0EEB-4B43-8EE5-328FD6EA45B8}"
EndProject
Project("{9A19103F-16F7-4668-BE54-9A1E7A4F7556}") = "SkiaTest", "Experiments\WindowsForms\SkiaTest\SkiaTest.csproj", "{8F745AFE-F2C8-4375-BF10-D153B6F3FB00}"
EndProject
Project("{2150E333-8FDC-42A3-9474-1A3956D46DE8}") = "TestProjects", "TestProjects", "{7A8ECF20-E11D-49CE-94D8-A3F9BE3172F6}"
EndProject
Project("{2150E333-8FDC-42A3-9474-1A3956D46DE8}") = "TestProjects", "TestProjects", "{EEC5E0B2-8354-4F71-B7B5-C033EFD9B7F2}"
EndProject
Project("{2150E333-8FDC-42A3-9474-1A3956D46DE8}") = "TestProjects", "TestProjects", "{588ADA1D-6C2F-4180-BAFB-48A5661FBD9F}"
EndProject
Project("{9A19103F-16F7-4668-BE54-9A1E7A4F7556}") = "UI.WindowsForms", "Experiments\WindowsForms\TestProjects\UI.WindowsForms\UI.WindowsForms.csproj", "{448955C0-78CF-4E9B-8BFB-E0BADB8602DB}"
EndProject
Project("{9A19103F-16F7-4668-BE54-9A1E7A4F7556}") = "GTKGraphicsTest", "Experiments\TestProjects\GTKGraphicsTest\GTKGraphicsTest.csproj", "{A1F15D67-AF82-4ADC-995A-86175AF45AE1}"
EndProject
Project("{FAE04EC0-301F-11D3-BF4B-00C04F79EFBC}") = "Sanford.Multimedia.Midi.UI.WPF", "UI\WPF\Sanford.Multimedia.Midi.UI.WPF\Sanford.Multimedia.Midi.UI.WPF.csproj", "{E32D6730-5F93-456A-AA48-E3B5CA3A9309}"
EndProject
Project("{FAE04EC0-301F-11D3-BF4B-00C04F79EFBC}") = "UI.WPF", "Experiments\WPF\TestProjects\UI.WPF\UI.WPF.csproj", "{CCDB1626-7360-41B9-9D5A-F629F8BB144F}"
EndProject
Project("{FAE04EC0-301F-11D3-BF4B-00C04F79EFBC}") = "WPFTest", "Experiments\WPF\WPFTest\WPFTest.csproj", "{4B667960-D8A2-4C78-A953-8399FF3D9DCD}"
EndProject
Global
	GlobalSection(SolutionConfigurationPlatforms) = preSolution
		Debug|Any CPU = Debug|Any CPU
		Release|Any CPU = Release|Any CPU
	EndGlobalSection
	GlobalSection(ProjectConfigurationPlatforms) = postSolution
		{90480CE5-E392-4713-AB5C-7D659ACA0B85}.Debug|Any CPU.ActiveCfg = Debug|Any CPU
		{90480CE5-E392-4713-AB5C-7D659ACA0B85}.Debug|Any CPU.Build.0 = Debug|Any CPU
		{90480CE5-E392-4713-AB5C-7D659ACA0B85}.Release|Any CPU.ActiveCfg = Release|Any CPU
		{90480CE5-E392-4713-AB5C-7D659ACA0B85}.Release|Any CPU.Build.0 = Release|Any CPU
		{752C27BA-E092-455F-9B3F-1221E13FAE40}.Debug|Any CPU.ActiveCfg = Debug|Any CPU
		{752C27BA-E092-455F-9B3F-1221E13FAE40}.Debug|Any CPU.Build.0 = Debug|Any CPU
		{752C27BA-E092-455F-9B3F-1221E13FAE40}.Release|Any CPU.ActiveCfg = Release|Any CPU
		{752C27BA-E092-455F-9B3F-1221E13FAE40}.Release|Any CPU.Build.0 = Release|Any CPU
		{4269C72A-8D3A-4737-8F89-72EAA33EA9E1}.Debug|Any CPU.ActiveCfg = Debug|Any CPU
		{4269C72A-8D3A-4737-8F89-72EAA33EA9E1}.Debug|Any CPU.Build.0 = Debug|Any CPU
		{4269C72A-8D3A-4737-8F89-72EAA33EA9E1}.Release|Any CPU.ActiveCfg = Release|Any CPU
		{4269C72A-8D3A-4737-8F89-72EAA33EA9E1}.Release|Any CPU.Build.0 = Release|Any CPU
		{F908E146-FD17-4853-B6C3-6AEAC148B420}.Debug|Any CPU.ActiveCfg = Debug|Any CPU
		{F908E146-FD17-4853-B6C3-6AEAC148B420}.Debug|Any CPU.Build.0 = Debug|Any CPU
		{F908E146-FD17-4853-B6C3-6AEAC148B420}.Release|Any CPU.ActiveCfg = Release|Any CPU
		{F908E146-FD17-4853-B6C3-6AEAC148B420}.Release|Any CPU.Build.0 = Release|Any CPU
		{6BAE9489-AE66-49BA-8724-9898E8ACF824}.Debug|Any CPU.ActiveCfg = Debug|Any CPU
		{6BAE9489-AE66-49BA-8724-9898E8ACF824}.Debug|Any CPU.Build.0 = Debug|Any CPU
		{6BAE9489-AE66-49BA-8724-9898E8ACF824}.Release|Any CPU.ActiveCfg = Release|Any CPU
		{6BAE9489-AE66-49BA-8724-9898E8ACF824}.Release|Any CPU.Build.0 = Release|Any CPU
		{60FE0956-A812-4A77-B939-DFB17D1A045D}.Debug|Any CPU.ActiveCfg = Debug|Any CPU
		{60FE0956-A812-4A77-B939-DFB17D1A045D}.Debug|Any CPU.Build.0 = Debug|Any CPU
		{60FE0956-A812-4A77-B939-DFB17D1A045D}.Release|Any CPU.ActiveCfg = Release|Any CPU
		{60FE0956-A812-4A77-B939-DFB17D1A045D}.Release|Any CPU.Build.0 = Release|Any CPU
		{AD5DE7EE-7D29-4E22-B3F8-E50E49FA9E60}.Debug|Any CPU.ActiveCfg = Debug|Any CPU
		{AD5DE7EE-7D29-4E22-B3F8-E50E49FA9E60}.Debug|Any CPU.Build.0 = Debug|Any CPU
		{AD5DE7EE-7D29-4E22-B3F8-E50E49FA9E60}.Release|Any CPU.ActiveCfg = Release|Any CPU
		{AD5DE7EE-7D29-4E22-B3F8-E50E49FA9E60}.Release|Any CPU.Build.0 = Release|Any CPU
		{BD426599-9DB3-47A0-B017-430803FDB4E2}.Debug|Any CPU.ActiveCfg = Debug|Any CPU
		{BD426599-9DB3-47A0-B017-430803FDB4E2}.Debug|Any CPU.Build.0 = Debug|Any CPU
		{BD426599-9DB3-47A0-B017-430803FDB4E2}.Release|Any CPU.ActiveCfg = Release|Any CPU
		{BD426599-9DB3-47A0-B017-430803FDB4E2}.Release|Any CPU.Build.0 = Release|Any CPU
		{3DF698C0-570D-434F-A423-84AF74A8CB18}.Debug|Any CPU.ActiveCfg = Debug|Any CPU
		{3DF698C0-570D-434F-A423-84AF74A8CB18}.Debug|Any CPU.Build.0 = Debug|Any CPU
		{3DF698C0-570D-434F-A423-84AF74A8CB18}.Release|Any CPU.ActiveCfg = Release|Any CPU
		{3DF698C0-570D-434F-A423-84AF74A8CB18}.Release|Any CPU.Build.0 = Release|Any CPU
		{CC1B3440-0EEB-4B43-8EE5-328FD6EA45B8}.Debug|Any CPU.ActiveCfg = Debug|Any CPU
		{CC1B3440-0EEB-4B43-8EE5-328FD6EA45B8}.Debug|Any CPU.Build.0 = Debug|Any CPU
		{CC1B3440-0EEB-4B43-8EE5-328FD6EA45B8}.Release|Any CPU.ActiveCfg = Release|Any CPU
		{CC1B3440-0EEB-4B43-8EE5-328FD6EA45B8}.Release|Any CPU.Build.0 = Release|Any CPU
		{8F745AFE-F2C8-4375-BF10-D153B6F3FB00}.Debug|Any CPU.ActiveCfg = Debug|Any CPU
		{8F745AFE-F2C8-4375-BF10-D153B6F3FB00}.Debug|Any CPU.Build.0 = Debug|Any CPU
		{8F745AFE-F2C8-4375-BF10-D153B6F3FB00}.Release|Any CPU.ActiveCfg = Release|Any CPU
		{8F745AFE-F2C8-4375-BF10-D153B6F3FB00}.Release|Any CPU.Build.0 = Release|Any CPU
		{448955C0-78CF-4E9B-8BFB-E0BADB8602DB}.Debug|Any CPU.ActiveCfg = Debug|Any CPU
		{448955C0-78CF-4E9B-8BFB-E0BADB8602DB}.Debug|Any CPU.Build.0 = Debug|Any CPU
		{448955C0-78CF-4E9B-8BFB-E0BADB8602DB}.Release|Any CPU.ActiveCfg = Release|Any CPU
		{448955C0-78CF-4E9B-8BFB-E0BADB8602DB}.Release|Any CPU.Build.0 = Release|Any CPU
		{A1F15D67-AF82-4ADC-995A-86175AF45AE1}.Debug|Any CPU.ActiveCfg = Debug|Any CPU
		{A1F15D67-AF82-4ADC-995A-86175AF45AE1}.Debug|Any CPU.Build.0 = Debug|Any CPU
		{A1F15D67-AF82-4ADC-995A-86175AF45AE1}.Release|Any CPU.ActiveCfg = Release|Any CPU
		{A1F15D67-AF82-4ADC-995A-86175AF45AE1}.Release|Any CPU.Build.0 = Release|Any CPU
		{E32D6730-5F93-456A-AA48-E3B5CA3A9309}.Debug|Any CPU.ActiveCfg = Debug|Any CPU
		{E32D6730-5F93-456A-AA48-E3B5CA3A9309}.Debug|Any CPU.Build.0 = Debug|Any CPU
		{E32D6730-5F93-456A-AA48-E3B5CA3A9309}.Release|Any CPU.ActiveCfg = Release|Any CPU
		{E32D6730-5F93-456A-AA48-E3B5CA3A9309}.Release|Any CPU.Build.0 = Release|Any CPU
		{CCDB1626-7360-41B9-9D5A-F629F8BB144F}.Debug|Any CPU.ActiveCfg = Debug|Any CPU
		{CCDB1626-7360-41B9-9D5A-F629F8BB144F}.Debug|Any CPU.Build.0 = Debug|Any CPU
		{CCDB1626-7360-41B9-9D5A-F629F8BB144F}.Release|Any CPU.ActiveCfg = Release|Any CPU
		{CCDB1626-7360-41B9-9D5A-F629F8BB144F}.Release|Any CPU.Build.0 = Release|Any CPU
		{4B667960-D8A2-4C78-A953-8399FF3D9DCD}.Debug|Any CPU.ActiveCfg = Debug|Any CPU
		{4B667960-D8A2-4C78-A953-8399FF3D9DCD}.Debug|Any CPU.Build.0 = Debug|Any CPU
		{4B667960-D8A2-4C78-A953-8399FF3D9DCD}.Release|Any CPU.ActiveCfg = Release|Any CPU
		{4B667960-D8A2-4C78-A953-8399FF3D9DCD}.Release|Any CPU.Build.0 = Release|Any CPU
	EndGlobalSection
	GlobalSection(SolutionProperties) = preSolution
		HideSolutionNode = FALSE
	EndGlobalSection
	GlobalSection(NestedProjects) = preSolution
		{90480CE5-E392-4713-AB5C-7D659ACA0B85} = {B7AE69A7-CEC2-4082-A737-BF49452C5070}
		{752C27BA-E092-455F-9B3F-1221E13FAE40} = {F50CF48F-74CB-42A2-9DA3-7DCEDDA6FA5C}
		{F908E146-FD17-4853-B6C3-6AEAC148B420} = {3B5DD8BE-1C3E-4FFB-A396-95313BB757E1}
		{F50CF48F-74CB-42A2-9DA3-7DCEDDA6FA5C} = {4E0B6F24-FDCC-4C90-8587-6AB8E8C74689}
		{B7AE69A7-CEC2-4082-A737-BF49452C5070} = {4E0B6F24-FDCC-4C90-8587-6AB8E8C74689}
		{6BAE9489-AE66-49BA-8724-9898E8ACF824} = {3B5DD8BE-1C3E-4FFB-A396-95313BB757E1}
		{60FE0956-A812-4A77-B939-DFB17D1A045D} = {F50CF48F-74CB-42A2-9DA3-7DCEDDA6FA5C}
		{AD5DE7EE-7D29-4E22-B3F8-E50E49FA9E60} = {B7AE69A7-CEC2-4082-A737-BF49452C5070}
		{0E255B7D-C3EA-4160-AE1C-9542E0E1B535} = {C9EEE978-D835-4B7B-BDDE-36586EEBEECF}
		{7A14B1CA-2790-47AD-9AE7-719AEDD923D7} = {C9EEE978-D835-4B7B-BDDE-36586EEBEECF}
		{B87F245C-8BE4-461C-A3C4-1C03405C2D07} = {C9EEE978-D835-4B7B-BDDE-36586EEBEECF}
		{BD426599-9DB3-47A0-B017-430803FDB4E2} = {7A14B1CA-2790-47AD-9AE7-719AEDD923D7}
		{3DF698C0-570D-434F-A423-84AF74A8CB18} = {0E255B7D-C3EA-4160-AE1C-9542E0E1B535}
		{CC1B3440-0EEB-4B43-8EE5-328FD6EA45B8} = {0E255B7D-C3EA-4160-AE1C-9542E0E1B535}
		{8F745AFE-F2C8-4375-BF10-D153B6F3FB00} = {0E255B7D-C3EA-4160-AE1C-9542E0E1B535}
		{7A8ECF20-E11D-49CE-94D8-A3F9BE3172F6} = {0E255B7D-C3EA-4160-AE1C-9542E0E1B535}
		{EEC5E0B2-8354-4F71-B7B5-C033EFD9B7F2} = {7A14B1CA-2790-47AD-9AE7-719AEDD923D7}
		{588ADA1D-6C2F-4180-BAFB-48A5661FBD9F} = {B87F245C-8BE4-461C-A3C4-1C03405C2D07}
		{448955C0-78CF-4E9B-8BFB-E0BADB8602DB} = {7A8ECF20-E11D-49CE-94D8-A3F9BE3172F6}
		{A1F15D67-AF82-4ADC-995A-86175AF45AE1} = {EEC5E0B2-8354-4F71-B7B5-C033EFD9B7F2}
		{E32D6730-5F93-456A-AA48-E3B5CA3A9309} = {3B5DD8BE-1C3E-4FFB-A396-95313BB757E1}
		{CCDB1626-7360-41B9-9D5A-F629F8BB144F} = {588ADA1D-6C2F-4180-BAFB-48A5661FBD9F}
		{4B667960-D8A2-4C78-A953-8399FF3D9DCD} = {B87F245C-8BE4-461C-A3C4-1C03405C2D07}
	EndGlobalSection
	GlobalSection(ExtensibilityGlobals) = postSolution
		SolutionGuid = {A0F89C5C-2D39-4686-8962-8311987EF148}
	EndGlobalSection
EndGlobal
